prayfile_lock = "1"
spec = "0.1"
generated_by = "pray 1.2.0"
manifest_hash = "sha256:cf345ad7082e134456ed330148aef3992883d117496cc051f8a744fe8ca5af56"

[[source]]
name = "amkisko"
kind = "git"
url = "git+https://github.com/amkisko/prayers"
revision = "7eb373a56e05e51f03a481e79b074360edb6385e"

[[package]]
name = "amkisko/branch-naming"
version = "1.0.0"
source = "amkisko"
path = "./.pray/cache/registry/c0c2301889c02d02/amkisko/branch-naming/1.0.0"
tree_hash = "sha256:f50538e28a0e4d573884c019210ce4cc650f692b2211802520e267ff18f30e9b"
artifact_hash = "sha256:f50538e28a0e4d573884c019210ce4cc650f692b2211802520e267ff18f30e9b"
artifact = "path:./.pray/cache/registry/c0c2301889c02d02/amkisko/branch-naming/1.0.0"
exports = ["branch-naming"]
dependencies = []

[[package]]
name = "amkisko/changelog-update"
version = "2.0.1"
source = "amkisko"
path = "./.pray/cache/registry/032b6aecf23a66f8/amkisko/changelog-update/2.0.1"
tree_hash = "sha256:0f73f835939085f7c91f89f3bc8434374b26b9aa9ee0a59b166d70ad166682f2"
artifact_hash = "sha256:0f73f835939085f7c91f89f3bc8434374b26b9aa9ee0a59b166d70ad166682f2"
artifact = "path:./.pray/cache/registry/032b6aecf23a66f8/amkisko/changelog-update/2.0.1"
exports = ["skill"]
dependencies = []

[[package]]
name = "amkisko/engineering-audit"
version = "2.0.0"
source = "amkisko"
path = "./.pray/cache/registry/5d77128a6df9798c/amkisko/engineering-audit/2.0.0"
tree_hash = "sha256:ce60d9ba8c6c31c7c704278b0cfdd88e2e34af900c13daadb460be57685eb79d"
artifact_hash = "sha256:ce60d9ba8c6c31c7c704278b0cfdd88e2e34af900c13daadb460be57685eb79d"
artifact = "path:./.pray/cache/registry/5d77128a6df9798c/amkisko/engineering-audit/2.0.0"
exports = ["skill"]
dependencies = []

[[package]]
name = "amkisko/finite-state-machines"
version = "1.0.0"
source = "amkisko"
path = "./.pray/cache/registry/5917b8e5c2973da1/amkisko/finite-state-machines/1.0.0"
tree_hash = "sha256:86c27f8702620a790011c5ea31a244df38da6e35ff4aa76b5fbdddedc0e56101"
artifact_hash = "sha256:86c27f8702620a790011c5ea31a244df38da6e35ff4aa76b5fbdddedc0e56101"
artifact = "path:./.pray/cache/registry/5917b8e5c2973da1/amkisko/finite-state-machines/1.0.0"
exports = ["finite-state-machines"]
dependencies = []

[[package]]
name = "amkisko/getting-started"
version = "1.0.0"
source = "amkisko"
path = "./.pray/cache/registry/b64a0df35ab02db1/amkisko/getting-started/1.0.0"
tree_hash = "sha256:61432f6125fc9eef9e6781dd9116f125ca8e02e9e13d55313125c27cc2e35df1"
artifact_hash = "sha256:61432f6125fc9eef9e6781dd9116f125ca8e02e9e13d55313125c27cc2e35df1"
artifact = "path:./.pray/cache/registry/b64a0df35ab02db1/amkisko/getting-started/1.0.0"
exports = ["getting-started"]
dependencies = []

[[package]]
name = "amkisko/minimal-implementation"
version = "1.0.0"
source = "amkisko"
path = "./.pray/cache/registry/894874486ab38bec/amkisko/minimal-implementation/1.0.0"
tree_hash = "sha256:e3e38bafa9bb022d5c3b1b0e3f904bab958b660fbcc22ff41140e6dc5e3537f7"
artifact_hash = "sha256:e3e38bafa9bb022d5c3b1b0e3f904bab958b660fbcc22ff41140e6dc5e3537f7"
artifact = "path:./.pray/cache/registry/894874486ab38bec/amkisko/minimal-implementation/1.0.0"
exports = ["minimal-implementation"]
dependencies = []

[[package]]
name = "amkisko/working-rules"
version = "2.0.0"
source = "amkisko"
path = "./.pray/cache/registry/f6355967f57f1bed/amkisko/working-rules/2.0.0"
tree_hash = "sha256:cf7fbe331cabe7a93fed2e4bc82c5ec035d7c5afbfb49f8ad1490f0499b1b87d"
artifact_hash = "sha256:cf7fbe331cabe7a93fed2e4bc82c5ec035d7c5afbfb49f8ad1490f0499b1b87d"
artifact = "path:./.pray/cache/registry/f6355967f57f1bed/amkisko/working-rules/2.0.0"
exports = ["working-rules"]
dependencies = []

[[package]]
name = "amkisko/writing-prose"
version = "2.0.0"
source = "amkisko"
path = "./.pray/cache/registry/36c884910e173047/amkisko/writing-prose/2.0.0"
tree_hash = "sha256:c59a70a667bfad5330d78ad1d68c91e6307914c3b54a648d11dd0555bc899ca4"
artifact_hash = "sha256:c59a70a667bfad5330d78ad1d68c91e6307914c3b54a648d11dd0555bc899ca4"
artifact = "path:./.pray/cache/registry/36c884910e173047/amkisko/writing-prose/2.0.0"
exports = ["writing-prose"]
dependencies = []

[[target]]
name = "agents"
outputs = ["AGENTS.md"]

[[managed_span]]
id = "5f23b29e"
target = "AGENTS.md"
open_line = 10
close_line = 41
ideal_checksum = "sha256:e66bf6f3e4681c4e3a4f627a95b5ede012cc37e34b3042a048c4d9fecc1baa24"
package = "amkisko/getting-started"
export = "getting-started"
source_checksum = "sha256:61432f6125fc9eef9e6781dd9116f125ca8e02e9e13d55313125c27cc2e35df1"
silenced = false

[[managed_span]]
id = "5ef025d3"
target = "AGENTS.md"
open_line = 43
close_line = 58
ideal_checksum = "sha256:c9d09659f50ac45eb569afe544be43951a35d778af11b20342fb16c2249f083f"
package = "amkisko/working-rules"
export = "working-rules"
source_checksum = "sha256:cf7fbe331cabe7a93fed2e4bc82c5ec035d7c5afbfb49f8ad1490f0499b1b87d"
silenced = false

[[managed_span]]
id = "b2a3d4d7"
target = "AGENTS.md"
open_line = 60
close_line = 89
ideal_checksum = "sha256:ee04ff26b9949efe86e603943ea0eddb78575f7c0358c92889545574442f1dfb"
package = "amkisko/minimal-implementation"
export = "minimal-implementation"
source_checksum = "sha256:e3e38bafa9bb022d5c3b1b0e3f904bab958b660fbcc22ff41140e6dc5e3537f7"
silenced = false

[[managed_span]]
id = "2b9051df"
target = "AGENTS.md"
open_line = 91
close_line = 96
ideal_checksum = "sha256:d6d50ec67564585d84bf1e51b616beb17953da7562c78471d4f460c191678d6f"
package = "amkisko/finite-state-machines"
export = "finite-state-machines"
source_checksum = "sha256:86c27f8702620a790011c5ea31a244df38da6e35ff4aa76b5fbdddedc0e56101"
silenced = false

[[managed_span]]
id = "7317586a"
target = "AGENTS.md"
open_line = 98
close_line = 118
ideal_checksum = "sha256:84171d8d31bd90000e5e5e7e3d38105a72f1fdb840745b3b5d321e6bea7736c4"
package = "amkisko/branch-naming"
export = "branch-naming"
source_checksum = "sha256:f50538e28a0e4d573884c019210ce4cc650f692b2211802520e267ff18f30e9b"
silenced = false

[[managed_span]]
id = "c7597e52"
target = "AGENTS.md"
open_line = 120
close_line = 125
ideal_checksum = "sha256:e3d9dd804471bfd136f20c95fe4dbf9579848fa2342661a11fcac0d8eadb0803"
package = "amkisko/writing-prose"
export = "writing-prose"
source_checksum = "sha256:c59a70a667bfad5330d78ad1d68c91e6307914c3b54a648d11dd0555bc899ca4"
silenced = false
